
Microsoft Visual Studio Solution File, Format Version 12.00
# Visual Studio Version 17
VisualStudioVersion = 17.10.35013.160
MinimumVisualStudioVersion = 10.0.40219.1
Project("{9A19103F-16F7-4668-BE54-9A1E7A4F7556}") = "Harvest", "Harvest\Harvest.csproj", "{A50AD089-4822-4E41-B46F-767F311FAB85}"
EndProject
Project("{2150E333-8FDC-42A3-9474-1A3956D46DE8}") = "解决方案项", "解决方案项", "{1639E6C0-54C2-443D-84C1-E295FE00C2CA}"
	ProjectSection(SolutionItems) = preProject
		AutoIncrement.targets = AutoIncrement.targets
		Directory.Build.props = Directory.Build.props
		Directory.Build.props.default = Directory.Build.props.default
		Directory.Build.targets = Directory.Build.targets
	EndProjectSection
EndProject
Project("{9A19103F-16F7-4668-BE54-9A1E7A4F7556}") = "Multiple_Power_Generator", "Multiple Power Generator\Multiple_Power_Generator.csproj", "{82BC8CDD-752D-49E2-B467-63F1821B365D}"
EndProject
Project("{FAE04EC0-301F-11D3-BF4B-00C04F79EFBC}") = "Commons", "Commons\Commons.csproj", "{5D45BE6C-B00B-497D-955B-67998974B712}"
EndProject
Project("{FAE04EC0-301F-11D3-BF4B-00C04F79EFBC}") = "SelectLastCarePackage", "SelectLastCarePackage\SelectLastCarePackage.csproj", "{8AA5E9D7-4A99-4127-B82A-E0139F6CDD84}"
EndProject
Project("{FAE04EC0-301F-11D3-BF4B-00C04F79EFBC}") = "Unlock_Cheat", "Unlock_Cheat\Unlock_Cheat.csproj", "{6351EFAF-C85A-4CD0-BB3D-21DBDFF39B15}"
EndProject
Global
	GlobalSection(SolutionConfigurationPlatforms) = preSolution
		Debug|Any CPU = Debug|Any CPU
		Debug|Mergedown = Debug|Mergedown
		Debug|Vanilla = Debug|Vanilla
		Debug|x64 = Debug|x64
		Release|Any CPU = Release|Any CPU
		Release|Mergedown = Release|Mergedown
		Release|Vanilla = Release|Vanilla
		Release|x64 = Release|x64
	EndGlobalSection
	GlobalSection(ProjectConfigurationPlatforms) = postSolution
		{A50AD089-4822-4E41-B46F-767F311FAB85}.Debug|Any CPU.ActiveCfg = Debug|Any CPU
		{A50AD089-4822-4E41-B46F-767F311FAB85}.Debug|Mergedown.ActiveCfg = Debug|Any CPU
		{A50AD089-4822-4E41-B46F-767F311FAB85}.Debug|Mergedown.Build.0 = Debug|Any CPU
		{A50AD089-4822-4E41-B46F-767F311FAB85}.Debug|Vanilla.ActiveCfg = Debug|Any CPU
		{A50AD089-4822-4E41-B46F-767F311FAB85}.Debug|Vanilla.Build.0 = Debug|Any CPU
		{A50AD089-4822-4E41-B46F-767F311FAB85}.Debug|x64.ActiveCfg = Debug|Any CPU
		{A50AD089-4822-4E41-B46F-767F311FAB85}.Debug|x64.Build.0 = Debug|Any CPU
		{A50AD089-4822-4E41-B46F-767F311FAB85}.Release|Any CPU.ActiveCfg = Release|Any CPU
		{A50AD089-4822-4E41-B46F-767F311FAB85}.Release|Mergedown.ActiveCfg = Release|Any CPU
		{A50AD089-4822-4E41-B46F-767F311FAB85}.Release|Mergedown.Build.0 = Release|Any CPU
		{A50AD089-4822-4E41-B46F-767F311FAB85}.Release|Vanilla.ActiveCfg = Release|Any CPU
		{A50AD089-4822-4E41-B46F-767F311FAB85}.Release|Vanilla.Build.0 = Release|Any CPU
		{A50AD089-4822-4E41-B46F-767F311FAB85}.Release|x64.ActiveCfg = Release|Any CPU
		{A50AD089-4822-4E41-B46F-767F311FAB85}.Release|x64.Build.0 = Release|Any CPU
		{82BC8CDD-752D-49E2-B467-63F1821B365D}.Debug|Any CPU.ActiveCfg = Debug|Any CPU
		{82BC8CDD-752D-49E2-B467-63F1821B365D}.Debug|Mergedown.ActiveCfg = Debug|Any CPU
		{82BC8CDD-752D-49E2-B467-63F1821B365D}.Debug|Mergedown.Build.0 = Debug|Any CPU
		{82BC8CDD-752D-49E2-B467-63F1821B365D}.Debug|Vanilla.ActiveCfg = Debug|Any CPU
		{82BC8CDD-752D-49E2-B467-63F1821B365D}.Debug|Vanilla.Build.0 = Debug|Any CPU
		{82BC8CDD-752D-49E2-B467-63F1821B365D}.Debug|x64.ActiveCfg = Debug|Any CPU
		{82BC8CDD-752D-49E2-B467-63F1821B365D}.Debug|x64.Build.0 = Debug|Any CPU
		{82BC8CDD-752D-49E2-B467-63F1821B365D}.Release|Any CPU.ActiveCfg = Release|Any CPU
		{82BC8CDD-752D-49E2-B467-63F1821B365D}.Release|Any CPU.Build.0 = Release|Any CPU
		{82BC8CDD-752D-49E2-B467-63F1821B365D}.Release|Mergedown.ActiveCfg = Release|Any CPU
		{82BC8CDD-752D-49E2-B467-63F1821B365D}.Release|Mergedown.Build.0 = Release|Any CPU
		{82BC8CDD-752D-49E2-B467-63F1821B365D}.Release|Vanilla.ActiveCfg = Release|Any CPU
		{82BC8CDD-752D-49E2-B467-63F1821B365D}.Release|Vanilla.Build.0 = Release|Any CPU
		{82BC8CDD-752D-49E2-B467-63F1821B365D}.Release|x64.ActiveCfg = Release|Any CPU
		{82BC8CDD-752D-49E2-B467-63F1821B365D}.Release|x64.Build.0 = Release|Any CPU
		{5D45BE6C-B00B-497D-955B-67998974B712}.Debug|Any CPU.ActiveCfg = Debug|Any CPU
		{5D45BE6C-B00B-497D-955B-67998974B712}.Debug|Mergedown.ActiveCfg = Debug|Any CPU
		{5D45BE6C-B00B-497D-955B-67998974B712}.Debug|Mergedown.Build.0 = Debug|Any CPU
		{5D45BE6C-B00B-497D-955B-67998974B712}.Debug|Vanilla.ActiveCfg = Debug|Any CPU
		{5D45BE6C-B00B-497D-955B-67998974B712}.Debug|Vanilla.Build.0 = Debug|Any CPU
		{5D45BE6C-B00B-497D-955B-67998974B712}.Debug|x64.ActiveCfg = Debug|Any CPU
		{5D45BE6C-B00B-497D-955B-67998974B712}.Debug|x64.Build.0 = Debug|Any CPU
		{5D45BE6C-B00B-497D-955B-67998974B712}.Release|Any CPU.ActiveCfg = Release|Any CPU
		{5D45BE6C-B00B-497D-955B-67998974B712}.Release|Any CPU.Build.0 = Release|Any CPU
		{5D45BE6C-B00B-497D-955B-67998974B712}.Release|Mergedown.ActiveCfg = Release|Any CPU
		{5D45BE6C-B00B-497D-955B-67998974B712}.Release|Mergedown.Build.0 = Release|Any CPU
		{5D45BE6C-B00B-497D-955B-67998974B712}.Release|Vanilla.ActiveCfg = Release|Any CPU
		{5D45BE6C-B00B-497D-955B-67998974B712}.Release|Vanilla.Build.0 = Release|Any CPU
		{5D45BE6C-B00B-497D-955B-67998974B712}.Release|x64.ActiveCfg = Release|Any CPU
		{5D45BE6C-B00B-497D-955B-67998974B712}.Release|x64.Build.0 = Release|Any CPU
		{8AA5E9D7-4A99-4127-B82A-E0139F6CDD84}.Debug|Any CPU.ActiveCfg = Debug|Any CPU
		{8AA5E9D7-4A99-4127-B82A-E0139F6CDD84}.Debug|Mergedown.ActiveCfg = Debug|Any CPU
		{8AA5E9D7-4A99-4127-B82A-E0139F6CDD84}.Debug|Mergedown.Build.0 = Debug|Any CPU
		{8AA5E9D7-4A99-4127-B82A-E0139F6CDD84}.Debug|Vanilla.ActiveCfg = Debug|Any CPU
		{8AA5E9D7-4A99-4127-B82A-E0139F6CDD84}.Debug|Vanilla.Build.0 = Debug|Any CPU
		{8AA5E9D7-4A99-4127-B82A-E0139F6CDD84}.Debug|x64.ActiveCfg = Debug|Any CPU
		{8AA5E9D7-4A99-4127-B82A-E0139F6CDD84}.Debug|x64.Build.0 = Debug|Any CPU
		{8AA5E9D7-4A99-4127-B82A-E0139F6CDD84}.Release|Any CPU.ActiveCfg = Release|Any CPU
		{8AA5E9D7-4A99-4127-B82A-E0139F6CDD84}.Release|Any CPU.Build.0 = Release|Any CPU
		{8AA5E9D7-4A99-4127-B82A-E0139F6CDD84}.Release|Mergedown.ActiveCfg = Release|Any CPU
		{8AA5E9D7-4A99-4127-B82A-E0139F6CDD84}.Release|Mergedown.Build.0 = Release|Any CPU
		{8AA5E9D7-4A99-4127-B82A-E0139F6CDD84}.Release|Vanilla.ActiveCfg = Release|Any CPU
		{8AA5E9D7-4A99-4127-B82A-E0139F6CDD84}.Release|Vanilla.Build.0 = Release|Any CPU
		{8AA5E9D7-4A99-4127-B82A-E0139F6CDD84}.Release|x64.ActiveCfg = Release|Any CPU
		{8AA5E9D7-4A99-4127-B82A-E0139F6CDD84}.Release|x64.Build.0 = Release|Any CPU
		{6351EFAF-C85A-4CD0-BB3D-21DBDFF39B15}.Debug|Any CPU.ActiveCfg = Debug|Any CPU
		{6351EFAF-C85A-4CD0-BB3D-21DBDFF39B15}.Debug|Any CPU.Build.0 = Debug|Any CPU
		{6351EFAF-C85A-4CD0-BB3D-21DBDFF39B15}.Debug|Mergedown.ActiveCfg = Debug|Any CPU
		{6351EFAF-C85A-4CD0-BB3D-21DBDFF39B15}.Debug|Mergedown.Build.0 = Debug|Any CPU
		{6351EFAF-C85A-4CD0-BB3D-21DBDFF39B15}.Debug|Vanilla.ActiveCfg = Debug|Any CPU
		{6351EFAF-C85A-4CD0-BB3D-21DBDFF39B15}.Debug|Vanilla.Build.0 = Debug|Any CPU
		{6351EFAF-C85A-4CD0-BB3D-21DBDFF39B15}.Debug|x64.ActiveCfg = Debug|Any CPU
		{6351EFAF-C85A-4CD0-BB3D-21DBDFF39B15}.Debug|x64.Build.0 = Debug|Any CPU
		{6351EFAF-C85A-4CD0-BB3D-21DBDFF39B15}.Release|Any CPU.ActiveCfg = Release|Any CPU
		{6351EFAF-C85A-4CD0-BB3D-21DBDFF39B15}.Release|Any CPU.Build.0 = Release|Any CPU
		{6351EFAF-C85A-4CD0-BB3D-21DBDFF39B15}.Release|Mergedown.ActiveCfg = Release|Any CPU
		{6351EFAF-C85A-4CD0-BB3D-21DBDFF39B15}.Release|Mergedown.Build.0 = Release|Any CPU
		{6351EFAF-C85A-4CD0-BB3D-21DBDFF39B15}.Release|Vanilla.ActiveCfg = Release|Any CPU
		{6351EFAF-C85A-4CD0-BB3D-21DBDFF39B15}.Release|Vanilla.Build.0 = Release|Any CPU
		{6351EFAF-C85A-4CD0-BB3D-21DBDFF39B15}.Release|x64.ActiveCfg = Release|Any CPU
		{6351EFAF-C85A-4CD0-BB3D-21DBDFF39B15}.Release|x64.Build.0 = Release|Any CPU
	EndGlobalSection
	GlobalSection(SolutionProperties) = preSolution
		HideSolutionNode = FALSE
	EndGlobalSection
	GlobalSection(ExtensibilityGlobals) = postSolution
		SolutionGuid = {63516699-E211-430E-AB1D-D1CD18843BD0}
	EndGlobalSection
EndGlobal
